# This file is automatically @generated by Cargo.
# It is not intended for manual editing.
version = 4

[[package]]
name = "deer-gpu"
version = "0.0.0"
dependencies = [
 "deer-layout",
]

[[package]]
name = "deer-layout"
version = "0.0.0"

[[package]]
name = "deer-vk"
version = "0.0.0"
dependencies = [
 "deer-gpu",
 "deer-layout",
]
